{
  "version": 4,
  "terraform_version": "0.13.4",
  "serial": 16,
  "lineage": "e81f21d2-82e4-4cf6-6b72-f5733d98f8ad",
  "outputs": {},
  "resources": [
    {
      "mode": "managed",
      "type": "profitbricks_datacenter",
      "name": "vdc1",
      "provider": "provider[\"registry.terraform.io/terraform-providers/profitbricks\"]",
      "instances": [
        {
          "schema_version": 0,
          "attributes": {
            "description": "",
            "id": "3fd457fe-b88e-4421-90a3-998610d41349",
            "location": "de/fra",
            "name": "vdc1",
            "timeouts": null
          },
          "private": "eyJlMmJmYjczMC1lY2FhLTExZTYtOGY4OC0zNDM2M2JjN2M0YzAiOnsiY3JlYXRlIjozNjAwMDAwMDAwMDAwLCJkZWZhdWx0IjozNjAwMDAwMDAwMDAwLCJkZWxldGUiOjM2MDAwMDAwMDAwMDAsInJlYWQiOjM2MDAwMDAwMDAwMDAsInVwZGF0ZSI6MzYwMDAwMDAwMDAwMH19"
        }
      ]
    },
    {
      "mode": "managed",
      "type": "profitbricks_k8s_cluster",
      "name": "wp_hoster",
      "provider": "provider[\"registry.terraform.io/terraform-providers/profitbricks\"]",
      "instances": [
        {
          "schema_version": 0,
          "attributes": {
            "id": "3527be21-722a-41d1-8049-92565bb68ae2",
            "k8s_version": "1.18.5",
            "maintenance_window": [
              {
                "day_of_the_week": "Sunday",
                "time": "10:30:00Z"
              }
            ],
            "name": "wp_hoster",
            "timeouts": null
          },
          "private": "eyJlMmJmYjczMC1lY2FhLTExZTYtOGY4OC0zNDM2M2JjN2M0YzAiOnsiY3JlYXRlIjozNjAwMDAwMDAwMDAwLCJkZWZhdWx0IjozNjAwMDAwMDAwMDAwLCJkZWxldGUiOjM2MDAwMDAwMDAwMDAsInJlYWQiOjM2MDAwMDAwMDAwMDAsInVwZGF0ZSI6MzYwMDAwMDAwMDAwMH19",
          "dependencies": [
            "profitbricks_datacenter.vdc1"
          ]
        }
      ]
    },
    {
      "mode": "managed",
      "type": "profitbricks_k8s_node_pool",
      "name": "wp_hoster_vdc1",
      "provider": "provider[\"registry.terraform.io/terraform-providers/profitbricks\"]",
      "instances": [
        {
          "schema_version": 0,
          "attributes": {
            "auto_scaling": [
              {
                "max_node_count": 3,
                "min_node_count": 1
              }
            ],
            "availability_zone": "AUTO",
            "cores_count": 2,
            "cpu_family": "INTEL_XEON",
            "datacenter_id": "3fd457fe-b88e-4421-90a3-998610d41349",
            "id": "7d2076fa-2c64-4463-b3c3-f0c303862f31",
            "k8s_cluster_id": "3527be21-722a-41d1-8049-92565bb68ae2",
            "k8s_version": "1.18.5",
            "lans": [
              1
            ],
            "maintenance_window": [
              {
                "day_of_the_week": "Saturday",
                "time": "09:00:00Z"
              }
            ],
            "name": "wp_hoster_vdc1",
            "node_count": 1,
            "ram_size": 6144,
            "storage_size": 120,
            "storage_type": "SSD",
            "timeouts": null
          },
          "private": "eyJlMmJmYjczMC1lY2FhLTExZTYtOGY4OC0zNDM2M2JjN2M0YzAiOnsiY3JlYXRlIjozNjAwMDAwMDAwMDAwLCJkZWZhdWx0IjozNjAwMDAwMDAwMDAwLCJkZWxldGUiOjM2MDAwMDAwMDAwMDAsInJlYWQiOjM2MDAwMDAwMDAwMDAsInVwZGF0ZSI6MzYwMDAwMDAwMDAwMH19",
          "dependencies": [
            "profitbricks_datacenter.vdc1",
            "profitbricks_k8s_cluster.wp_hoster",
            "profitbricks_lan.crosslink_vdc1"
          ]
        }
      ]
    },
    {
      "mode": "managed",
      "type": "profitbricks_lan",
      "name": "crosslink_vdc1",
      "provider": "provider[\"registry.terraform.io/terraform-providers/profitbricks\"]",
      "instances": [
        {
          "schema_version": 0,
          "attributes": {
            "datacenter_id": "3fd457fe-b88e-4421-90a3-998610d41349",
            "id": "1",
            "name": "crosslink",
            "pcc": null,
            "public": false,
            "timeouts": null
          },
          "private": "eyJlMmJmYjczMC1lY2FhLTExZTYtOGY4OC0zNDM2M2JjN2M0YzAiOnsiY3JlYXRlIjozNjAwMDAwMDAwMDAwLCJkZWZhdWx0IjozNjAwMDAwMDAwMDAwLCJkZWxldGUiOjM2MDAwMDAwMDAwMDAsInJlYWQiOjM2MDAwMDAwMDAwMDAsInVwZGF0ZSI6MzYwMDAwMDAwMDAwMH19",
          "dependencies": [
            "profitbricks_datacenter.vdc1"
          ]
        }
      ]
    }
  ]
}
